
Microsoft Visual Studio Solution File, Format Version 12.00
# Visual Studio Version 17
VisualStudioVersion = 17.4.33205.214
MinimumVisualStudioVersion = 10.0.40219.1
Project("{9A19103F-16F7-4668-BE54-9A1E7A4F7556}") = "TodoApp.Backend", "TodoApp.Backend\TodoApp.Backend.csproj", "{AABABC5C-4C3C-4620-8ADD-67F1097DFAAC}"
	ProjectSection(ProjectDependencies) = postProject
		{C3BCD79A-DDCC-4A4B-9CF9-706BDA3EFC0F} = {C3BCD79A-DDCC-4A4B-9CF9-706BDA3EFC0F}
	EndProjectSection
EndProject
Project("{9A19103F-16F7-4668-BE54-9A1E7A4F7556}") = "TodoApp.Domain", "TodoApp.Domain\TodoApp.Domain.csproj", "{C3BCD79A-DDCC-4A4B-9CF9-706BDA3EFC0F}"
EndProject
Project("{54A90642-561A-4BB1-A94E-469ADEE60C69}") = "todoapp.frontend", "TodoApp.Frontend\todoapp.frontend.esproj", "{17D0883A-1F21-4D57-9301-5F78E29C59FB}"
EndProject
Global
	GlobalSection(SolutionConfigurationPlatforms) = preSolution
		Debug|Any CPU = Debug|Any CPU
		Release|Any CPU = Release|Any CPU
	EndGlobalSection
	GlobalSection(ProjectConfigurationPlatforms) = postSolution
		{AABABC5C-4C3C-4620-8ADD-67F1097DFAAC}.Debug|Any CPU.ActiveCfg = Debug|Any CPU
		{AABABC5C-4C3C-4620-8ADD-67F1097DFAAC}.Debug|Any CPU.Build.0 = Debug|Any CPU
		{AABABC5C-4C3C-4620-8ADD-67F1097DFAAC}.Release|Any CPU.ActiveCfg = Release|Any CPU
		{AABABC5C-4C3C-4620-8ADD-67F1097DFAAC}.Release|Any CPU.Build.0 = Release|Any CPU
		{C3BCD79A-DDCC-4A4B-9CF9-706BDA3EFC0F}.Debug|Any CPU.ActiveCfg = Debug|Any CPU
		{C3BCD79A-DDCC-4A4B-9CF9-706BDA3EFC0F}.Debug|Any CPU.Build.0 = Debug|Any CPU
		{C3BCD79A-DDCC-4A4B-9CF9-706BDA3EFC0F}.Release|Any CPU.ActiveCfg = Release|Any CPU
		{C3BCD79A-DDCC-4A4B-9CF9-706BDA3EFC0F}.Release|Any CPU.Build.0 = Release|Any CPU
		{17D0883A-1F21-4D57-9301-5F78E29C59FB}.Debug|Any CPU.ActiveCfg = Debug|Any CPU
		{17D0883A-1F21-4D57-9301-5F78E29C59FB}.Debug|Any CPU.Build.0 = Debug|Any CPU
		{17D0883A-1F21-4D57-9301-5F78E29C59FB}.Debug|Any CPU.Deploy.0 = Debug|Any CPU
		{17D0883A-1F21-4D57-9301-5F78E29C59FB}.Release|Any CPU.ActiveCfg = Release|Any CPU
		{17D0883A-1F21-4D57-9301-5F78E29C59FB}.Release|Any CPU.Build.0 = Release|Any CPU
		{17D0883A-1F21-4D57-9301-5F78E29C59FB}.Release|Any CPU.Deploy.0 = Release|Any CPU
	EndGlobalSection
	GlobalSection(SolutionProperties) = preSolution
		HideSolutionNode = FALSE
	EndGlobalSection
	GlobalSection(ExtensibilityGlobals) = postSolution
		SolutionGuid = {948DAE9D-8A8E-4EBD-AB57-B1990A00A0AF}
	EndGlobalSection
EndGlobal
